// !$*UTF8*$!
{
	archiveVersion = 1;
	classes = {
	};
	objectVersion = 56;
	objects = {

/* Begin PBXBuildFile section */
		366B98932B828E1100BE5467 /* GMErrors.swift in Sources */ = {isa = PBXBuildFile; fileRef = 366B98922B828E1100BE5467 /* GMErrors.swift */; };
		366B98962B828E9C00BE5467 /* MainViewModel.swift in Sources */ = {isa = PBXBuildFile; fileRef = 366B98952B828E9C00BE5467 /* MainViewModel.swift */; };
		366B98982B834BFF00BE5467 /* GMMemImage.swift in Sources */ = {isa = PBXBuildFile; fileRef = 366B98972B834BFE00BE5467 /* GMMemImage.swift */; };
		366B989A2B83989800BE5467 /* QuestinsStack.swift in Sources */ = {isa = PBXBuildFile; fileRef = 366B98992B83989800BE5467 /* QuestinsStack.swift */; };
		366B989C2B83A2D600BE5467 /* GMLikeDislikeButtons.swift in Sources */ = {isa = PBXBuildFile; fileRef = 366B989B2B83A2D600BE5467 /* GMLikeDislikeButtons.swift */; };
		366B989E2B83AFD000BE5467 /* CleanRepeatButton.swift in Sources */ = {isa = PBXBuildFile; fileRef = 366B989D2B83AFD000BE5467 /* CleanRepeatButton.swift */; };
		366B98A12B84A78500BE5467 /* FavorityMems.xcdatamodeld in Sources */ = {isa = PBXBuildFile; fileRef = 366B989F2B84A78500BE5467 /* FavorityMems.xcdatamodeld */; };
		366B98A32B84A9A600BE5467 /* PersistanceController.swift in Sources */ = {isa = PBXBuildFile; fileRef = 366B98A22B84A9A600BE5467 /* PersistanceController.swift */; };
		366B98A52B84B40900BE5467 /* FavoriteMemsView.swift in Sources */ = {isa = PBXBuildFile; fileRef = 366B98A42B84B40900BE5467 /* FavoriteMemsView.swift */; };
		366B98A72B84B44B00BE5467 /* ContenView.swift in Sources */ = {isa = PBXBuildFile; fileRef = 366B98A62B84B44B00BE5467 /* ContenView.swift */; };
		366B98A92B84B9B700BE5467 /* FavoriteCell.swift in Sources */ = {isa = PBXBuildFile; fileRef = 366B98A82B84B9B700BE5467 /* FavoriteCell.swift */; };
		36CD427C2B827400008304C2 /* GetMemApp.swift in Sources */ = {isa = PBXBuildFile; fileRef = 36CD427B2B827400008304C2 /* GetMemApp.swift */; };
		36CD427E2B827400008304C2 /* MainView.swift in Sources */ = {isa = PBXBuildFile; fileRef = 36CD427D2B827400008304C2 /* MainView.swift */; };
		36CD42802B827407008304C2 /* Assets.xcassets in Resources */ = {isa = PBXBuildFile; fileRef = 36CD427F2B827407008304C2 /* Assets.xcassets */; };
		36CD42832B827407008304C2 /* Preview Assets.xcassets in Resources */ = {isa = PBXBuildFile; fileRef = 36CD42822B827407008304C2 /* Preview Assets.xcassets */; };
		36CD428E2B82801A008304C2 /* GMTextField.swift in Sources */ = {isa = PBXBuildFile; fileRef = 36CD428D2B82801A008304C2 /* GMTextField.swift */; };
		36CD42902B82804C008304C2 /* TextFieldModifier.swift in Sources */ = {isa = PBXBuildFile; fileRef = 36CD428F2B82804C008304C2 /* TextFieldModifier.swift */; };
		36CD42922B8285BF008304C2 /* GMButton.swift in Sources */ = {isa = PBXBuildFile; fileRef = 36CD42912B8285BF008304C2 /* GMButton.swift */; };
		36CD42952B828B48008304C2 /* NetworkServices.swift in Sources */ = {isa = PBXBuildFile; fileRef = 36CD42942B828B47008304C2 /* NetworkServices.swift */; };
		36CD42982B828BE9008304C2 /* Mems.swift in Sources */ = {isa = PBXBuildFile; fileRef = 36CD42972B828BE9008304C2 /* Mems.swift */; };
/* End PBXBuildFile section */

/* Begin PBXFileReference section */
		366B98922B828E1100BE5467 /* GMErrors.swift */ = {isa = PBXFileReference; lastKnownFileType = sourcecode.swift; path = GMErrors.swift; sourceTree = "<group>"; };
		366B98952B828E9C00BE5467 /* MainViewModel.swift */ = {isa = PBXFileReference; lastKnownFileType = sourcecode.swift; path = MainViewModel.swift; sourceTree = "<group>"; };
		366B98972B834BFE00BE5467 /* GMMemImage.swift */ = {isa = PBXFileReference; lastKnownFileType = sourcecode.swift; path = GMMemImage.swift; sourceTree = "<group>"; };
		366B98992B83989800BE5467 /* QuestinsStack.swift */ = {isa = PBXFileReference; lastKnownFileType = sourcecode.swift; path = QuestinsStack.swift; sourceTree = "<group>"; };
		366B989B2B83A2D600BE5467 /* GMLikeDislikeButtons.swift */ = {isa = PBXFileReference; lastKnownFileType = sourcecode.swift; path = GMLikeDislikeButtons.swift; sourceTree = "<group>"; };
		366B989D2B83AFD000BE5467 /* CleanRepeatButton.swift */ = {isa = PBXFileReference; lastKnownFileType = sourcecode.swift; path = CleanRepeatButton.swift; sourceTree = "<group>"; };
		366B98A02B84A78500BE5467 /* FavorityMems.xcdatamodel */ = {isa = PBXFileReference; lastKnownFileType = wrapper.xcdatamodel; path = FavorityMems.xcdatamodel; sourceTree = "<group>"; };
		366B98A22B84A9A600BE5467 /* PersistanceController.swift */ = {isa = PBXFileReference; lastKnownFileType = sourcecode.swift; path = PersistanceController.swift; sourceTree = "<group>"; };
		366B98A42B84B40900BE5467 /* FavoriteMemsView.swift */ = {isa = PBXFileReference; lastKnownFileType = sourcecode.swift; path = FavoriteMemsView.swift; sourceTree = "<group>"; };
		366B98A62B84B44B00BE5467 /* ContenView.swift */ = {isa = PBXFileReference; lastKnownFileType = sourcecode.swift; path = ContenView.swift; sourceTree = "<group>"; };
		366B98A82B84B9B700BE5467 /* FavoriteCell.swift */ = {isa = PBXFileReference; lastKnownFileType = sourcecode.swift; path = FavoriteCell.swift; sourceTree = "<group>"; };
		36CD42782B827400008304C2 /* GetMem.app */ = {isa = PBXFileReference; explicitFileType = wrapper.application; includeInIndex = 0; path = GetMem.app; sourceTree = BUILT_PRODUCTS_DIR; };
		36CD427B2B827400008304C2 /* GetMemApp.swift */ = {isa = PBXFileReference; lastKnownFileType = sourcecode.swift; path = GetMemApp.swift; sourceTree = "<group>"; };
		36CD427D2B827400008304C2 /* MainView.swift */ = {isa = PBXFileReference; lastKnownFileType = sourcecode.swift; path = MainView.swift; sourceTree = "<group>"; };
		36CD427F2B827407008304C2 /* Assets.xcassets */ = {isa = PBXFileReference; lastKnownFileType = folder.assetcatalog; path = Assets.xcassets; sourceTree = "<group>"; };
		36CD42822B827407008304C2 /* Preview Assets.xcassets */ = {isa = PBXFileReference; lastKnownFileType = folder.assetcatalog; path = "Preview Assets.xcassets"; sourceTree = "<group>"; };
		36CD428D2B82801A008304C2 /* GMTextField.swift */ = {isa = PBXFileReference; lastKnownFileType = sourcecode.swift; path = GMTextField.swift; sourceTree = "<group>"; };
		36CD428F2B82804C008304C2 /* TextFieldModifier.swift */ = {isa = PBXFileReference; lastKnownFileType = sourcecode.swift; path = TextFieldModifier.swift; sourceTree = "<group>"; };
		36CD42912B8285BF008304C2 /* GMButton.swift */ = {isa = PBXFileReference; lastKnownFileType = sourcecode.swift; path = GMButton.swift; sourceTree = "<group>"; };
		36CD42942B828B47008304C2 /* NetworkServices.swift */ = {isa = PBXFileReference; lastKnownFileType = sourcecode.swift; path = NetworkServices.swift; sourceTree = "<group>"; };
		36CD42972B828BE9008304C2 /* Mems.swift */ = {isa = PBXFileReference; lastKnownFileType = sourcecode.swift; path = Mems.swift; sourceTree = "<group>"; };
/* End PBXFileReference section */

/* Begin PBXFrameworksBuildPhase section */
		36CD42752B827400008304C2 /* Frameworks */ = {
			isa = PBXFrameworksBuildPhase;
			buildActionMask = 2147483647;
			files = (
			);
			runOnlyForDeploymentPostprocessing = 0;
		};
/* End PBXFrameworksBuildPhase section */

/* Begin PBXGroup section */
		366B98942B828E8400BE5467 /* ViewModels */ = {
			isa = PBXGroup;
			children = (
				366B98952B828E9C00BE5467 /* MainViewModel.swift */,
			);
			path = ViewModels;
			sourceTree = "<group>";
		};
		366B98AD2B87AB5500BE5467 /* Views */ = {
			isa = PBXGroup;
			children = (
				36CD427D2B827400008304C2 /* MainView.swift */,
				366B98A42B84B40900BE5467 /* FavoriteMemsView.swift */,
			);
			path = Views;
			sourceTree = "<group>";
		};
		36CD426F2B8273FF008304C2 = {
			isa = PBXGroup;
			children = (
				36CD427A2B827400008304C2 /* GetMem */,
				36CD42792B827400008304C2 /* Products */,
			);
			sourceTree = "<group>";
		};
		36CD42792B827400008304C2 /* Products */ = {
			isa = PBXGroup;
			children = (
				36CD42782B827400008304C2 /* GetMem.app */,
			);
			name = Products;
			sourceTree = "<group>";
		};
		36CD427A2B827400008304C2 /* GetMem */ = {
			isa = PBXGroup;
			children = (
				36CD427B2B827400008304C2 /* GetMemApp.swift */,
				366B98A62B84B44B00BE5467 /* ContenView.swift */,
				366B98AD2B87AB5500BE5467 /* Views */,
				366B98942B828E8400BE5467 /* ViewModels */,
				36CD42962B828BD4008304C2 /* Models */,
				36CD42932B828B27008304C2 /* Services */,
				36CD428C2B827FDB008304C2 /* Helpers */,
				36CD42892B827E44008304C2 /* Components */,
				36CD427F2B827407008304C2 /* Assets.xcassets */,
				36CD42812B827407008304C2 /* Preview Content */,
			);
			path = GetMem;
			sourceTree = "<group>";
		};
		36CD42812B827407008304C2 /* Preview Content */ = {
			isa = PBXGroup;
			children = (
				36CD42822B827407008304C2 /* Preview Assets.xcassets */,
			);
			path = "Preview Content";
			sourceTree = "<group>";
		};
		36CD42892B827E44008304C2 /* Components */ = {
			isa = PBXGroup;
			children = (
				36CD428D2B82801A008304C2 /* GMTextField.swift */,
				36CD42912B8285BF008304C2 /* GMButton.swift */,
				366B98972B834BFE00BE5467 /* GMMemImage.swift */,
				366B98992B83989800BE5467 /* QuestinsStack.swift */,
				366B989B2B83A2D600BE5467 /* GMLikeDislikeButtons.swift */,
				366B989D2B83AFD000BE5467 /* CleanRepeatButton.swift */,
				366B98A82B84B9B700BE5467 /* FavoriteCell.swift */,
			);
			path = Components;
			sourceTree = "<group>";
		};
		36CD428C2B827FDB008304C2 /* Helpers */ = {
			isa = PBXGroup;
			children = (
				36CD428F2B82804C008304C2 /* TextFieldModifier.swift */,
				366B98922B828E1100BE5467 /* GMErrors.swift */,
			);
			path = Helpers;
			sourceTree = "<group>";
		};
		36CD42932B828B27008304C2 /* Services */ = {
			isa = PBXGroup;
			children = (
				36CD42942B828B47008304C2 /* NetworkServices.swift */,
				366B98A22B84A9A600BE5467 /* PersistanceController.swift */,
			);
			path = Services;
			sourceTree = "<group>";
		};
		36CD42962B828BD4008304C2 /* Models */ = {
			isa = PBXGroup;
			children = (
				366B989F2B84A78500BE5467 /* FavorityMems.xcdatamodeld */,
				36CD42972B828BE9008304C2 /* Mems.swift */,
			);
			path = Models;
			sourceTree = "<group>";
		};
/* End PBXGroup section */

/* Begin PBXNativeTarget section */
		36CD42772B827400008304C2 /* GetMem */ = {
			isa = PBXNativeTarget;
			buildConfigurationList = 36CD42862B827407008304C2 /* Build configuration list for PBXNativeTarget "GetMem" */;
			buildPhases = (
				36CD42742B827400008304C2 /* Sources */,
				36CD42752B827400008304C2 /* Frameworks */,
				36CD42762B827400008304C2 /* Resources */,
			);
			buildRules = (
			);
			dependencies = (
			);
			name = GetMem;
			productName = GetMem;
			productReference = 36CD42782B827400008304C2 /* GetMem.app */;
			productType = "com.apple.product-type.application";
		};
/* End PBXNativeTarget section */

/* Begin PBXProject section */
		36CD42702B8273FF008304C2 /* Project object */ = {
			isa = PBXProject;
			attributes = {
				BuildIndependentTargetsInParallel = 1;
				LastSwiftUpdateCheck = 1500;
				LastUpgradeCheck = 1500;
				TargetAttributes = {
					36CD42772B827400008304C2 = {
						CreatedOnToolsVersion = 15.0.1;
					};
				};
			};
			buildConfigurationList = 36CD42732B8273FF008304C2 /* Build configuration list for PBXProject "GetMem" */;
			compatibilityVersion = "Xcode 14.0";
			developmentRegion = en;
			hasScannedForEncodings = 0;
			knownRegions = (
				en,
				Base,
			);
			mainGroup = 36CD426F2B8273FF008304C2;
			productRefGroup = 36CD42792B827400008304C2 /* Products */;
			projectDirPath = "";
			projectRoot = "";
			targets = (
				36CD42772B827400008304C2 /* GetMem */,
			);
		};
/* End PBXProject section */

/* Begin PBXResourcesBuildPhase section */
		36CD42762B827400008304C2 /* Resources */ = {
			isa = PBXResourcesBuildPhase;
			buildActionMask = 2147483647;
			files = (
				36CD42832B827407008304C2 /* Preview Assets.xcassets in Resources */,
				36CD42802B827407008304C2 /* Assets.xcassets in Resources */,
			);
			runOnlyForDeploymentPostprocessing = 0;
		};
/* End PBXResourcesBuildPhase section */

/* Begin PBXSourcesBuildPhase section */
		36CD42742B827400008304C2 /* Sources */ = {
			isa = PBXSourcesBuildPhase;
			buildActionMask = 2147483647;
			files = (
				36CD42952B828B48008304C2 /* NetworkServices.swift in Sources */,
				36CD428E2B82801A008304C2 /* GMTextField.swift in Sources */,
				366B98932B828E1100BE5467 /* GMErrors.swift in Sources */,
				366B98A52B84B40900BE5467 /* FavoriteMemsView.swift in Sources */,
				366B989E2B83AFD000BE5467 /* CleanRepeatButton.swift in Sources */,
				36CD42982B828BE9008304C2 /* Mems.swift in Sources */,
				36CD427E2B827400008304C2 /* MainView.swift in Sources */,
				36CD42902B82804C008304C2 /* TextFieldModifier.swift in Sources */,
				366B98A72B84B44B00BE5467 /* ContenView.swift in Sources */,
				36CD42922B8285BF008304C2 /* GMButton.swift in Sources */,
				366B989A2B83989800BE5467 /* QuestinsStack.swift in Sources */,
				366B98982B834BFF00BE5467 /* GMMemImage.swift in Sources */,
				366B98A32B84A9A600BE5467 /* PersistanceController.swift in Sources */,
				36CD427C2B827400008304C2 /* GetMemApp.swift in Sources */,
				366B98A12B84A78500BE5467 /* FavorityMems.xcdatamodeld in Sources */,
				366B98A92B84B9B700BE5467 /* FavoriteCell.swift in Sources */,
				366B989C2B83A2D600BE5467 /* GMLikeDislikeButtons.swift in Sources */,
				366B98962B828E9C00BE5467 /* MainViewModel.swift in Sources */,
			);
			runOnlyForDeploymentPostprocessing = 0;
		};
/* End PBXSourcesBuildPhase section */

/* Begin XCBuildConfiguration section */
		36CD42842B827407008304C2 /* Debug */ = {
			isa = XCBuildConfiguration;
			buildSettings = {
				ALWAYS_SEARCH_USER_PATHS = NO;
				ASSETCATALOG_COMPILER_GENERATE_SWIFT_ASSET_SYMBOL_EXTENSIONS = YES;
				CLANG_ANALYZER_NONNULL = YES;
				CLANG_ANALYZER_NUMBER_OBJECT_CONVERSION = YES_AGGRESSIVE;
				CLANG_CXX_LANGUAGE_STANDARD = "gnu++20";
				CLANG_ENABLE_MODULES = YES;
				CLANG_ENABLE_OBJC_ARC = YES;
				CLANG_ENABLE_OBJC_WEAK = YES;
				CLANG_WARN_BLOCK_CAPTURE_AUTORELEASING = YES;
				CLANG_WARN_BOOL_CONVERSION = YES;
				CLANG_WARN_COMMA = YES;
				CLANG_WARN_CONSTANT_CONVERSION = YES;
				CLANG_WARN_DEPRECATED_OBJC_IMPLEMENTATIONS = YES;
				CLANG_WARN_DIRECT_OBJC_ISA_USAGE = YES_ERROR;
				CLANG_WARN_DOCUMENTATION_COMMENTS = YES;
				CLANG_WARN_EMPTY_BODY = YES;
				CLANG_WARN_ENUM_CONVERSION = YES;
				CLANG_WARN_INFINITE_RECURSION = YES;
				CLANG_WARN_INT_CONVERSION = YES;
				CLANG_WARN_NON_LITERAL_NULL_CONVERSION = YES;
				CLANG_WARN_OBJC_IMPLICIT_RETAIN_SELF = YES;
				CLANG_WARN_OBJC_LITERAL_CONVERSION = YES;
				CLANG_WARN_OBJC_ROOT_CLASS = YES_ERROR;
				CLANG_WARN_QUOTED_INCLUDE_IN_FRAMEWORK_HEADER = YES;
				CLANG_WARN_RANGE_LOOP_ANALYSIS = YES;
				CLANG_WARN_STRICT_PROTOTYPES = YES;
				CLANG_WARN_SUSPICIOUS_MOVE = YES;
				CLANG_WARN_UNGUARDED_AVAILABILITY = YES_AGGRESSIVE;
				CLANG_WARN_UNREACHABLE_CODE = YES;
				CLANG_WARN__DUPLICATE_METHOD_MATCH = YES;
				COPY_PHASE_STRIP = NO;
				DEBUG_INFORMATION_FORMAT = dwarf;
				ENABLE_STRICT_OBJC_MSGSEND = YES;
				ENABLE_TESTABILITY = YES;
				ENABLE_USER_SCRIPT_SANDBOXING = YES;
				GCC_C_LANGUAGE_STANDARD = gnu17;
				GCC_DYNAMIC_NO_PIC = NO;
				GCC_NO_COMMON_BLOCKS = YES;
				GCC_OPTIMIZATION_LEVEL = 0;
				GCC_PREPROCESSOR_DEFINITIONS = (
					"DEBUG=1",
					"$(inherited)",
				);
				GCC_WARN_64_TO_32_BIT_CONVERSION = YES;
				GCC_WARN_ABOUT_RETURN_TYPE = YES_ERROR;
				GCC_WARN_UNDECLARED_SELECTOR = YES;
				GCC_WARN_UNINITIALIZED_AUTOS = YES_AGGRESSIVE;
				GCC_WARN_UNUSED_FUNCTION = YES;
				GCC_WARN_UNUSED_VARIABLE = YES;
				IPHONEOS_DEPLOYMENT_TARGET = 17.0;
				LOCALIZATION_PREFERS_STRING_CATALOGS = YES;
				MTL_ENABLE_DEBUG_INFO = INCLUDE_SOURCE;
				MTL_FAST_MATH = YES;
				ONLY_ACTIVE_ARCH = YES;
				SDKROOT = iphoneos;
				SWIFT_ACTIVE_COMPILATION_CONDITIONS = "DEBUG $(inherited)";
				SWIFT_OPTIMIZATION_LEVEL = "-Onone";
			};
			name = Debug;
		};
		36CD42852B827407008304C2 /* Release */ = {
			isa = XCBuildConfiguration;
			buildSettings = {
				ALWAYS_SEARCH_USER_PATHS = NO;
				ASSETCATALOG_COMPILER_GENERATE_SWIFT_ASSET_SYMBOL_EXTENSIONS = YES;
				CLANG_ANALYZER_NONNULL = YES;
				CLANG_ANALYZER_NUMBER_OBJECT_CONVERSION = YES_AGGRESSIVE;
				CLANG_CXX_LANGUAGE_STANDARD = "gnu++20";
				CLANG_ENABLE_MODULES = YES;
				CLANG_ENABLE_OBJC_ARC = YES;
				CLANG_ENABLE_OBJC_WEAK = YES;
				CLANG_WARN_BLOCK_CAPTURE_AUTORELEASING = YES;
				CLANG_WARN_BOOL_CONVERSION = YES;
				CLANG_WARN_COMMA = YES;
				CLANG_WARN_CONSTANT_CONVERSION = YES;
				CLANG_WARN_DEPRECATED_OBJC_IMPLEMENTATIONS = YES;
				CLANG_WARN_DIRECT_OBJC_ISA_USAGE = YES_ERROR;
				CLANG_WARN_DOCUMENTATION_COMMENTS = YES;
				CLANG_WARN_EMPTY_BODY = YES;
				CLANG_WARN_ENUM_CONVERSION = YES;
				CLANG_WARN_INFINITE_RECURSION = YES;
				CLANG_WARN_INT_CONVERSION = YES;
				CLANG_WARN_NON_LITERAL_NULL_CONVERSION = YES;
				CLANG_WARN_OBJC_IMPLICIT_RETAIN_SELF = YES;
				CLANG_WARN_OBJC_LITERAL_CONVERSION = YES;
				CLANG_WARN_OBJC_ROOT_CLASS = YES_ERROR;
				CLANG_WARN_QUOTED_INCLUDE_IN_FRAMEWORK_HEADER = YES;
				CLANG_WARN_RANGE_LOOP_ANALYSIS = YES;
				CLANG_WARN_STRICT_PROTOTYPES = YES;
				CLANG_WARN_SUSPICIOUS_MOVE = YES;
				CLANG_WARN_UNGUARDED_AVAILABILITY = YES_AGGRESSIVE;
				CLANG_WARN_UNREACHABLE_CODE = YES;
				CLANG_WARN__DUPLICATE_METHOD_MATCH = YES;
				COPY_PHASE_STRIP = NO;
				DEBUG_INFORMATION_FORMAT = "dwarf-with-dsym";
				ENABLE_NS_ASSERTIONS = NO;
				ENABLE_STRICT_OBJC_MSGSEND = YES;
				ENABLE_USER_SCRIPT_SANDBOXING = YES;
				GCC_C_LANGUAGE_STANDARD = gnu17;
				GCC_NO_COMMON_BLOCKS = YES;
				GCC_WARN_64_TO_32_BIT_CONVERSION = YES;
				GCC_WARN_ABOUT_RETURN_TYPE = YES_ERROR;
				GCC_WARN_UNDECLARED_SELECTOR = YES;
				GCC_WARN_UNINITIALIZED_AUTOS = YES_AGGRESSIVE;
				GCC_WARN_UNUSED_FUNCTION = YES;
				GCC_WARN_UNUSED_VARIABLE = YES;
				IPHONEOS_DEPLOYMENT_TARGET = 17.0;
				LOCALIZATION_PREFERS_STRING_CATALOGS = YES;
				MTL_ENABLE_DEBUG_INFO = NO;
				MTL_FAST_MATH = YES;
				SDKROOT = iphoneos;
				SWIFT_COMPILATION_MODE = wholemodule;
				VALIDATE_PRODUCT = YES;
			};
			name = Release;
		};
		36CD42872B827407008304C2 /* Debug */ = {
			isa = XCBuildConfiguration;
			buildSettings = {
				ASSETCATALOG_COMPILER_APPICON_NAME = AppIcon;
				ASSETCATALOG_COMPILER_GLOBAL_ACCENT_COLOR_NAME = AccentColor;
				CODE_SIGN_STYLE = Automatic;
				CURRENT_PROJECT_VERSION = 1;
				DEVELOPMENT_ASSET_PATHS = "\"GetMem/Preview Content\"";
				ENABLE_PREVIEWS = YES;
				GENERATE_INFOPLIST_FILE = YES;
				INFOPLIST_KEY_UIApplicationSceneManifest_Generation = YES;
				INFOPLIST_KEY_UIApplicationSupportsIndirectInputEvents = YES;
				INFOPLIST_KEY_UILaunchScreen_Generation = YES;
				INFOPLIST_KEY_UISupportedInterfaceOrientations_iPad = "UIInterfaceOrientationPortrait UIInterfaceOrientationPortraitUpsideDown UIInterfaceOrientationLandscapeLeft UIInterfaceOrientationLandscapeRight";
				INFOPLIST_KEY_UISupportedInterfaceOrientations_iPhone = "UIInterfaceOrientationPortrait UIInterfaceOrientationLandscapeLeft UIInterfaceOrientationLandscapeRight";
				IPHONEOS_DEPLOYMENT_TARGET = 15.0;
				LD_RUNPATH_SEARCH_PATHS = (
					"$(inherited)",
					"@executable_path/Frameworks",
				);
				MARKETING_VERSION = 1.0;
				PRODUCT_BUNDLE_IDENTIFIER = ru.polych.GetMem;
				PRODUCT_NAME = "$(TARGET_NAME)";
				SWIFT_EMIT_LOC_STRINGS = YES;
				SWIFT_VERSION = 5.0;
				TARGETED_DEVICE_FAMILY = "1,2";
			};
			name = Debug;
		};
		36CD42882B827407008304C2 /* Release */ = {
			isa = XCBuildConfiguration;
			buildSettings = {
				ASSETCATALOG_COMPILER_APPICON_NAME = AppIcon;
				ASSETCATALOG_COMPILER_GLOBAL_ACCENT_COLOR_NAME = AccentColor;
				CODE_SIGN_STYLE = Automatic;
				CURRENT_PROJECT_VERSION = 1;
				DEVELOPMENT_ASSET_PATHS = "\"GetMem/Preview Content\"";
				ENABLE_PREVIEWS = YES;
				GENERATE_INFOPLIST_FILE = YES;
				INFOPLIST_KEY_UIApplicationSceneManifest_Generation = YES;
				INFOPLIST_KEY_UIApplicationSupportsIndirectInputEvents = YES;
				INFOPLIST_KEY_UILaunchScreen_Generation = YES;
				INFOPLIST_KEY_UISupportedInterfaceOrientations_iPad = "UIInterfaceOrientationPortrait UIInterfaceOrientationPortraitUpsideDown UIInterfaceOrientationLandscapeLeft UIInterfaceOrientationLandscapeRight";
				INFOPLIST_KEY_UISupportedInterfaceOrientations_iPhone = "UIInterfaceOrientationPortrait UIInterfaceOrientationLandscapeLeft UIInterfaceOrientationLandscapeRight";
				IPHONEOS_DEPLOYMENT_TARGET = 15.0;
				LD_RUNPATH_SEARCH_PATHS = (
					"$(inherited)",
					"@executable_path/Frameworks",
				);
				MARKETING_VERSION = 1.0;
				PRODUCT_BUNDLE_IDENTIFIER = ru.polych.GetMem;
				PRODUCT_NAME = "$(TARGET_NAME)";
				SWIFT_EMIT_LOC_STRINGS = YES;
				SWIFT_VERSION = 5.0;
				TARGETED_DEVICE_FAMILY = "1,2";
			};
			name = Release;
		};
/* End XCBuildConfiguration section */

/* Begin XCConfigurationList section */
		36CD42732B8273FF008304C2 /* Build configuration list for PBXProject "GetMem" */ = {
			isa = XCConfigurationList;
			buildConfigurations = (
				36CD42842B827407008304C2 /* Debug */,
				36CD42852B827407008304C2 /* Release */,
			);
			defaultConfigurationIsVisible = 0;
			defaultConfigurationName = Release;
		};
		36CD42862B827407008304C2 /* Build configuration list for PBXNativeTarget "GetMem" */ = {
			isa = XCConfigurationList;
			buildConfigurations = (
				36CD42872B827407008304C2 /* Debug */,
				36CD42882B827407008304C2 /* Release */,
			);
			defaultConfigurationIsVisible = 0;
			defaultConfigurationName = Release;
		};
/* End XCConfigurationList section */

/* Begin XCVersionGroup section */
		366B989F2B84A78500BE5467 /* FavorityMems.xcdatamodeld */ = {
			isa = XCVersionGroup;
			children = (
				366B98A02B84A78500BE5467 /* FavorityMems.xcdatamodel */,
			);
			currentVersion = 366B98A02B84A78500BE5467 /* FavorityMems.xcdatamodel */;
			path = FavorityMems.xcdatamodeld;
			sourceTree = "<group>";
			versionGroupType = wrapper.xcdatamodel;
		};
/* End XCVersionGroup section */
	};
	rootObject = 36CD42702B8273FF008304C2 /* Project object */;
}
